Microsoft Visual Studio Solution File, Format Version 12.00
# Visual Studio Version 17
VisualStudioVersion = 17.0.31903.59
MinimumVisualStudioVersion = 10.0.40219.1
Project("{FAE04EC0-301F-11D3-BF4B-00C04F79EFBC}") = "gameplay", "user_settings/generated_code/projects/gameplay/gameplay.csproj", "{C717A0F4-FB01-50AE-A602-9DE639A0BC2F}"
EndProject
Project("{FAE04EC0-301F-11D3-BF4B-00C04F79EFBC}") = "menu.tools", "user_settings/generated_code/projects/menu.tools/menu.tools.csproj", "{0F8DD5DB-C1DF-5123-9BEE-0E11B21180D5}"
EndProject
Project("{FAE04EC0-301F-11D3-BF4B-00C04F79EFBC}") = "rendering.tools", "user_settings/generated_code/projects/rendering.tools/rendering.tools.csproj", "{62D83508-3FEF-5E30-B852-9844DA39EEB3}"
EndProject
Project("{FAE04EC0-301F-11D3-BF4B-00C04F79EFBC}") = "scene.tools", "user_settings/generated_code/projects/scene.tools/scene.tools.csproj", "{FBA313E4-E43F-56BC-B800-1740CF4F87D0}"
EndProject
Global
	GlobalSection(SolutionConfigurationPlatforms) = preSolution
		Debug|Any CPU = Debug|Any CPU
		Release|Any CPU = Release|Any CPU
	EndGlobalSection
	GlobalSection(ProjectConfigurationPlatforms) = postSolution
		{C717A0F4-FB01-50AE-A602-9DE639A0BC2F}.Debug|Any CPU.ActiveCfg = Debug|Any CPU
		{C717A0F4-FB01-50AE-A602-9DE639A0BC2F}.Debug|Any CPU.Build.0 = Debug|Any CPU
		{C717A0F4-FB01-50AE-A602-9DE639A0BC2F}.Release|Any CPU.ActiveCfg = Release|Any CPU
		{C717A0F4-FB01-50AE-A602-9DE639A0BC2F}.Release|Any CPU.Build.0 = Release|Any CPU
		{0F8DD5DB-C1DF-5123-9BEE-0E11B21180D5}.Debug|Any CPU.ActiveCfg = Debug|Any CPU
		{0F8DD5DB-C1DF-5123-9BEE-0E11B21180D5}.Debug|Any CPU.Build.0 = Debug|Any CPU
		{0F8DD5DB-C1DF-5123-9BEE-0E11B21180D5}.Release|Any CPU.ActiveCfg = Release|Any CPU
		{0F8DD5DB-C1DF-5123-9BEE-0E11B21180D5}.Release|Any CPU.Build.0 = Release|Any CPU
		{62D83508-3FEF-5E30-B852-9844DA39EEB3}.Debug|Any CPU.ActiveCfg = Debug|Any CPU
		{62D83508-3FEF-5E30-B852-9844DA39EEB3}.Debug|Any CPU.Build.0 = Debug|Any CPU
		{62D83508-3FEF-5E30-B852-9844DA39EEB3}.Release|Any CPU.ActiveCfg = Release|Any CPU
		{62D83508-3FEF-5E30-B852-9844DA39EEB3}.Release|Any CPU.Build.0 = Release|Any CPU
		{FBA313E4-E43F-56BC-B800-1740CF4F87D0}.Debug|Any CPU.ActiveCfg = Debug|Any CPU
		{FBA313E4-E43F-56BC-B800-1740CF4F87D0}.Debug|Any CPU.Build.0 = Debug|Any CPU
		{FBA313E4-E43F-56BC-B800-1740CF4F87D0}.Release|Any CPU.ActiveCfg = Release|Any CPU
		{FBA313E4-E43F-56BC-B800-1740CF4F87D0}.Release|Any CPU.Build.0 = Release|Any CPU
	EndGlobalSection
EndGlobal
